
Microsoft Visual Studio Solution File, Format Version 12.00
# Visual Studio Version 17
VisualStudioVersion = 17.8.34525.116
MinimumVisualStudioVersion = 10.0.40219.1
Project("{FAE04EC0-301F-11D3-BF4B-00C04F79EFBC}") = "Aula41Triangulo", "Aula41Triangulo\Aula41Triangulo.csproj", "{8F701C19-2480-4964-98E0-FD2916940378}"
EndProject
Global
	GlobalSection(SolutionConfigurationPlatforms) = preSolution
		Debug|Any CPU = Debug|Any CPU
		Release|Any CPU = Release|Any CPU
	EndGlobalSection
	GlobalSection(ProjectConfigurationPlatforms) = postSolution
		{8F701C19-2480-4964-98E0-FD2916940378}.Debug|Any CPU.ActiveCfg = Debug|Any CPU
		{8F701C19-2480-4964-98E0-FD2916940378}.Debug|Any CPU.Build.0 = Debug|Any CPU
		{8F701C19-2480-4964-98E0-FD2916940378}.Release|Any CPU.ActiveCfg = Release|Any CPU
		{8F701C19-2480-4964-98E0-FD2916940378}.Release|Any CPU.Build.0 = Release|Any CPU
	EndGlobalSection
	GlobalSection(SolutionProperties) = preSolution
		HideSolutionNode = FALSE
	EndGlobalSection
	GlobalSection(ExtensibilityGlobals) = postSolution
		SolutionGuid = {E04178F0-B176-476F-86D0-88A7404A6E3A}
	EndGlobalSection
EndGlobal
